
Microsoft Visual Studio Solution File, Format Version 12.00
# Visual Studio Version 17
VisualStudioVersion = 17.9.34622.214
MinimumVisualStudioVersion = 10.0.40219.1
Project("{FAE04EC0-301F-11D3-BF4B-00C04F79EFBC}") = "KodlamaIoProject", "KodlamaIoProject\KodlamaIoProject.csproj", "{7556651D-BA33-4EF9-A6BB-AD78663CCB13}"
EndProject
Global
	GlobalSection(SolutionConfigurationPlatforms) = preSolution
		Debug|Any CPU = Debug|Any CPU
		Release|Any CPU = Release|Any CPU
	EndGlobalSection
	GlobalSection(ProjectConfigurationPlatforms) = postSolution
		{7556651D-BA33-4EF9-A6BB-AD78663CCB13}.Debug|Any CPU.ActiveCfg = Debug|Any CPU
		{7556651D-BA33-4EF9-A6BB-AD78663CCB13}.Debug|Any CPU.Build.0 = Debug|Any CPU
		{7556651D-BA33-4EF9-A6BB-AD78663CCB13}.Release|Any CPU.ActiveCfg = Release|Any CPU
		{7556651D-BA33-4EF9-A6BB-AD78663CCB13}.Release|Any CPU.Build.0 = Release|Any CPU
	EndGlobalSection
	GlobalSection(SolutionProperties) = preSolution
		HideSolutionNode = FALSE
	EndGlobalSection
	GlobalSection(ExtensibilityGlobals) = postSolution
		SolutionGuid = {CE26F88F-EBDA-45B3-8183-462343C9C821}
	EndGlobalSection
EndGlobal
